// !$*UTF8*$!
{
	archiveVersion = 1;
	classes = {
	};
	objectVersion = 55;
	objects = {

/* Begin PBXBuildFile section */
		33E4DBD327ECF9CD00D9449B /* Tests_iOS.swift in Sources */ = {isa = PBXBuildFile; fileRef = 33E4DBD227ECF9CD00D9449B /* Tests_iOS.swift */; };
		33E4DBD527ECF9CD00D9449B /* Tests_iOSLaunchTests.swift in Sources */ = {isa = PBXBuildFile; fileRef = 33E4DBD427ECF9CD00D9449B /* Tests_iOSLaunchTests.swift */; };
		33E4DBDF27ECF9CD00D9449B /* Tests_macOS.swift in Sources */ = {isa = PBXBuildFile; fileRef = 33E4DBDE27ECF9CD00D9449B /* Tests_macOS.swift */; };
		33E4DBE127ECF9CD00D9449B /* Tests_macOSLaunchTests.swift in Sources */ = {isa = PBXBuildFile; fileRef = 33E4DBE027ECF9CD00D9449B /* Tests_macOSLaunchTests.swift */; };
		33E4DBE227ECF9CD00D9449B /* TemperatureConverterApp.swift in Sources */ = {isa = PBXBuildFile; fileRef = 33E4DBBA27ECF9CC00D9449B /* TemperatureConverterApp.swift */; };
		33E4DBE327ECF9CD00D9449B /* TemperatureConverterApp.swift in Sources */ = {isa = PBXBuildFile; fileRef = 33E4DBBA27ECF9CC00D9449B /* TemperatureConverterApp.swift */; };
		33E4DBE427ECF9CD00D9449B /* ContentView.swift in Sources */ = {isa = PBXBuildFile; fileRef = 33E4DBBB27ECF9CC00D9449B /* ContentView.swift */; };
		33E4DBE527ECF9CD00D9449B /* ContentView.swift in Sources */ = {isa = PBXBuildFile; fileRef = 33E4DBBB27ECF9CC00D9449B /* ContentView.swift */; };
		33E4DBE627ECF9CD00D9449B /* Assets.xcassets in Resources */ = {isa = PBXBuildFile; fileRef = 33E4DBBC27ECF9CD00D9449B /* Assets.xcassets */; };
		33E4DBE727ECF9CD00D9449B /* Assets.xcassets in Resources */ = {isa = PBXBuildFile; fileRef = 33E4DBBC27ECF9CD00D9449B /* Assets.xcassets */; };
/* End PBXBuildFile section */

/* Begin PBXContainerItemProxy section */
		33E4DBCF27ECF9CD00D9449B /* PBXContainerItemProxy */ = {
			isa = PBXContainerItemProxy;
			containerPortal = 33E4DBB527ECF9CC00D9449B /* Project object */;
			proxyType = 1;
			remoteGlobalIDString = 33E4DBC027ECF9CD00D9449B;
			remoteInfo = "TemperatureConverter (iOS)";
		};
		33E4DBDB27ECF9CD00D9449B /* PBXContainerItemProxy */ = {
			isa = PBXContainerItemProxy;
			containerPortal = 33E4DBB527ECF9CC00D9449B /* Project object */;
			proxyType = 1;
			remoteGlobalIDString = 33E4DBC627ECF9CD00D9449B;
			remoteInfo = "TemperatureConverter (macOS)";
		};
/* End PBXContainerItemProxy section */

/* Begin PBXFileReference section */
		33E4DBBA27ECF9CC00D9449B /* TemperatureConverterApp.swift */ = {isa = PBXFileReference; lastKnownFileType = sourcecode.swift; path = TemperatureConverterApp.swift; sourceTree = "<group>"; };
		33E4DBBB27ECF9CC00D9449B /* ContentView.swift */ = {isa = PBXFileReference; lastKnownFileType = sourcecode.swift; path = ContentView.swift; sourceTree = "<group>"; };
		33E4DBBC27ECF9CD00D9449B /* Assets.xcassets */ = {isa = PBXFileReference; lastKnownFileType = folder.assetcatalog; path = Assets.xcassets; sourceTree = "<group>"; };
		33E4DBC127ECF9CD00D9449B /* TemperatureConverter.app */ = {isa = PBXFileReference; explicitFileType = wrapper.application; includeInIndex = 0; path = TemperatureConverter.app; sourceTree = BUILT_PRODUCTS_DIR; };
		33E4DBC727ECF9CD00D9449B /* TemperatureConverter.app */ = {isa = PBXFileReference; explicitFileType = wrapper.application; includeInIndex = 0; path = TemperatureConverter.app; sourceTree = BUILT_PRODUCTS_DIR; };
		33E4DBC927ECF9CD00D9449B /* macOS.entitlements */ = {isa = PBXFileReference; lastKnownFileType = text.plist.entitlements; path = macOS.entitlements; sourceTree = "<group>"; };
		33E4DBCE27ECF9CD00D9449B /* Tests iOS.xctest */ = {isa = PBXFileReference; explicitFileType = wrapper.cfbundle; includeInIndex = 0; path = "Tests iOS.xctest"; sourceTree = BUILT_PRODUCTS_DIR; };
		33E4DBD227ECF9CD00D9449B /* Tests_iOS.swift */ = {isa = PBXFileReference; lastKnownFileType = sourcecode.swift; path = Tests_iOS.swift; sourceTree = "<group>"; };
		33E4DBD427ECF9CD00D9449B /* Tests_iOSLaunchTests.swift */ = {isa = PBXFileReference; lastKnownFileType = sourcecode.swift; path = Tests_iOSLaunchTests.swift; sourceTree = "<group>"; };
		33E4DBDA27ECF9CD00D9449B /* Tests macOS.xctest */ = {isa = PBXFileReference; explicitFileType = wrapper.cfbundle; includeInIndex = 0; path = "Tests macOS.xctest"; sourceTree = BUILT_PRODUCTS_DIR; };
		33E4DBDE27ECF9CD00D9449B /* Tests_macOS.swift */ = {isa = PBXFileReference; lastKnownFileType = sourcecode.swift; path = Tests_macOS.swift; sourceTree = "<group>"; };
		33E4DBE027ECF9CD00D9449B /* Tests_macOSLaunchTests.swift */ = {isa = PBXFileReference; lastKnownFileType = sourcecode.swift; path = Tests_macOSLaunchTests.swift; sourceTree = "<group>"; };
/* End PBXFileReference section */

/* Begin PBXFrameworksBuildPhase section */
		33E4DBBE27ECF9CD00D9449B /* Frameworks */ = {
			isa = PBXFrameworksBuildPhase;
			buildActionMask = 2147483647;
			files = (
			);
			runOnlyForDeploymentPostprocessing = 0;
		};
		33E4DBC427ECF9CD00D9449B /* Frameworks */ = {
			isa = PBXFrameworksBuildPhase;
			buildActionMask = 2147483647;
			files = (
			);
			runOnlyForDeploymentPostprocessing = 0;
		};
		33E4DBCB27ECF9CD00D9449B /* Frameworks */ = {
			isa = PBXFrameworksBuildPhase;
			buildActionMask = 2147483647;
			files = (
			);
			runOnlyForDeploymentPostprocessing = 0;
		};
		33E4DBD727ECF9CD00D9449B /* Frameworks */ = {
			isa = PBXFrameworksBuildPhase;
			buildActionMask = 2147483647;
			files = (
			);
			runOnlyForDeploymentPostprocessing = 0;
		};
/* End PBXFrameworksBuildPhase section */

/* Begin PBXGroup section */
		33E4DBB427ECF9CC00D9449B = {
			isa = PBXGroup;
			children = (
				33E4DBB927ECF9CC00D9449B /* Shared */,
				33E4DBC827ECF9CD00D9449B /* macOS */,
				33E4DBD127ECF9CD00D9449B /* Tests iOS */,
				33E4DBDD27ECF9CD00D9449B /* Tests macOS */,
				33E4DBC227ECF9CD00D9449B /* Products */,
			);
			sourceTree = "<group>";
		};
		33E4DBB927ECF9CC00D9449B /* Shared */ = {
			isa = PBXGroup;
			children = (
				33E4DBBA27ECF9CC00D9449B /* TemperatureConverterApp.swift */,
				33E4DBBB27ECF9CC00D9449B /* ContentView.swift */,
				33E4DBBC27ECF9CD00D9449B /* Assets.xcassets */,
			);
			path = Shared;
			sourceTree = "<group>";
		};
		33E4DBC227ECF9CD00D9449B /* Products */ = {
			isa = PBXGroup;
			children = (
				33E4DBC127ECF9CD00D9449B /* TemperatureConverter.app */,
				33E4DBC727ECF9CD00D9449B /* TemperatureConverter.app */,
				33E4DBCE27ECF9CD00D9449B /* Tests iOS.xctest */,
				33E4DBDA27ECF9CD00D9449B /* Tests macOS.xctest */,
			);
			name = Products;
			sourceTree = "<group>";
		};
		33E4DBC827ECF9CD00D9449B /* macOS */ = {
			isa = PBXGroup;
			children = (
				33E4DBC927ECF9CD00D9449B /* macOS.entitlements */,
			);
			path = macOS;
			sourceTree = "<group>";
		};
		33E4DBD127ECF9CD00D9449B /* Tests iOS */ = {
			isa = PBXGroup;
			children = (
				33E4DBD227ECF9CD00D9449B /* Tests_iOS.swift */,
				33E4DBD427ECF9CD00D9449B /* Tests_iOSLaunchTests.swift */,
			);
			path = "Tests iOS";
			sourceTree = "<group>";
		};
		33E4DBDD27ECF9CD00D9449B /* Tests macOS */ = {
			isa = PBXGroup;
			children = (
				33E4DBDE27ECF9CD00D9449B /* Tests_macOS.swift */,
				33E4DBE027ECF9CD00D9449B /* Tests_macOSLaunchTests.swift */,
			);
			path = "Tests macOS";
			sourceTree = "<group>";
		};
/* End PBXGroup section */

/* Begin PBXNativeTarget section */
		33E4DBC027ECF9CD00D9449B /* TemperatureConverter (iOS) */ = {
			isa = PBXNativeTarget;
			buildConfigurationList = 33E4DBEA27ECF9CD00D9449B /* Build configuration list for PBXNativeTarget "TemperatureConverter (iOS)" */;
			buildPhases = (
				33E4DBBD27ECF9CD00D9449B /* Sources */,
				33E4DBBE27ECF9CD00D9449B /* Frameworks */,
				33E4DBBF27ECF9CD00D9449B /* Resources */,
			);
			buildRules = (
			);
			dependencies = (
			);
			name = "TemperatureConverter (iOS)";
			productName = "TemperatureConverter (iOS)";
			productReference = 33E4DBC127ECF9CD00D9449B /* TemperatureConverter.app */;
			productType = "com.apple.product-type.application";
		};
		33E4DBC627ECF9CD00D9449B /* TemperatureConverter (macOS) */ = {
			isa = PBXNativeTarget;
			buildConfigurationList = 33E4DBED27ECF9CD00D9449B /* Build configuration list for PBXNativeTarget "TemperatureConverter (macOS)" */;
			buildPhases = (
				33E4DBC327ECF9CD00D9449B /* Sources */,
				33E4DBC427ECF9CD00D9449B /* Frameworks */,
				33E4DBC527ECF9CD00D9449B /* Resources */,
			);
			buildRules = (
			);
			dependencies = (
			);
			name = "TemperatureConverter (macOS)";
			productName = "TemperatureConverter (macOS)";
			productReference = 33E4DBC727ECF9CD00D9449B /* TemperatureConverter.app */;
			productType = "com.apple.product-type.application";
		};
		33E4DBCD27ECF9CD00D9449B /* Tests iOS */ = {
			isa = PBXNativeTarget;
			buildConfigurationList = 33E4DBF027ECF9CD00D9449B /* Build configuration list for PBXNativeTarget "Tests iOS" */;
			buildPhases = (
				33E4DBCA27ECF9CD00D9449B /* Sources */,
				33E4DBCB27ECF9CD00D9449B /* Frameworks */,
				33E4DBCC27ECF9CD00D9449B /* Resources */,
			);
			buildRules = (
			);
			dependencies = (
				33E4DBD027ECF9CD00D9449B /* PBXTargetDependency */,
			);
			name = "Tests iOS";
			productName = "Tests iOS";
			productReference = 33E4DBCE27ECF9CD00D9449B /* Tests iOS.xctest */;
			productType = "com.apple.product-type.bundle.ui-testing";
		};
		33E4DBD927ECF9CD00D9449B /* Tests macOS */ = {
			isa = PBXNativeTarget;
			buildConfigurationList = 33E4DBF327ECF9CD00D9449B /* Build configuration list for PBXNativeTarget "Tests macOS" */;
			buildPhases = (
				33E4DBD627ECF9CD00D9449B /* Sources */,
				33E4DBD727ECF9CD00D9449B /* Frameworks */,
				33E4DBD827ECF9CD00D9449B /* Resources */,
			);
			buildRules = (
			);
			dependencies = (
				33E4DBDC27ECF9CD00D9449B /* PBXTargetDependency */,
			);
			name = "Tests macOS";
			productName = "Tests macOS";
			productReference = 33E4DBDA27ECF9CD00D9449B /* Tests macOS.xctest */;
			productType = "com.apple.product-type.bundle.ui-testing";
		};
/* End PBXNativeTarget section */

/* Begin PBXProject section */
		33E4DBB527ECF9CC00D9449B /* Project object */ = {
			isa = PBXProject;
			attributes = {
				BuildIndependentTargetsInParallel = 1;
				LastSwiftUpdateCheck = 1330;
				LastUpgradeCheck = 1330;
				TargetAttributes = {
					33E4DBC027ECF9CD00D9449B = {
						CreatedOnToolsVersion = 13.3;
					};
					33E4DBC627ECF9CD00D9449B = {
						CreatedOnToolsVersion = 13.3;
					};
					33E4DBCD27ECF9CD00D9449B = {
						CreatedOnToolsVersion = 13.3;
						TestTargetID = 33E4DBC027ECF9CD00D9449B;
					};
					33E4DBD927ECF9CD00D9449B = {
						CreatedOnToolsVersion = 13.3;
						TestTargetID = 33E4DBC627ECF9CD00D9449B;
					};
				};
			};
			buildConfigurationList = 33E4DBB827ECF9CC00D9449B /* Build configuration list for PBXProject "TemperatureConverter" */;
			compatibilityVersion = "Xcode 13.0";
			developmentRegion = en;
			hasScannedForEncodings = 0;
			knownRegions = (
				en,
				Base,
			);
			mainGroup = 33E4DBB427ECF9CC00D9449B;
			productRefGroup = 33E4DBC227ECF9CD00D9449B /* Products */;
			projectDirPath = "";
			projectRoot = "";
			targets = (
				33E4DBC027ECF9CD00D9449B /* TemperatureConverter (iOS) */,
				33E4DBC627ECF9CD00D9449B /* TemperatureConverter (macOS) */,
				33E4DBCD27ECF9CD00D9449B /* Tests iOS */,
				33E4DBD927ECF9CD00D9449B /* Tests macOS */,
			);
		};
/* End PBXProject section */

/* Begin PBXResourcesBuildPhase section */
		33E4DBBF27ECF9CD00D9449B /* Resources */ = {
			isa = PBXResourcesBuildPhase;
			buildActionMask = 2147483647;
			files = (
				33E4DBE627ECF9CD00D9449B /* Assets.xcassets in Resources */,
			);
			runOnlyForDeploymentPostprocessing = 0;
		};
		33E4DBC527ECF9CD00D9449B /* Resources */ = {
			isa = PBXResourcesBuildPhase;
			buildActionMask = 2147483647;
			files = (
				33E4DBE727ECF9CD00D9449B /* Assets.xcassets in Resources */,
			);
			runOnlyForDeploymentPostprocessing = 0;
		};
		33E4DBCC27ECF9CD00D9449B /* Resources */ = {
			isa = PBXResourcesBuildPhase;
			buildActionMask = 2147483647;
			files = (
			);
			runOnlyForDeploymentPostprocessing = 0;
		};
		33E4DBD827ECF9CD00D9449B /* Resources */ = {
			isa = PBXResourcesBuildPhase;
			buildActionMask = 2147483647;
			files = (
			);
			runOnlyForDeploymentPostprocessing = 0;
		};
/* End PBXResourcesBuildPhase section */

/* Begin PBXSourcesBuildPhase section */
		33E4DBBD27ECF9CD00D9449B /* Sources */ = {
			isa = PBXSourcesBuildPhase;
			buildActionMask = 2147483647;
			files = (
				33E4DBE427ECF9CD00D9449B /* ContentView.swift in Sources */,
				33E4DBE227ECF9CD00D9449B /* TemperatureConverterApp.swift in Sources */,
			);
			runOnlyForDeploymentPostprocessing = 0;
		};
		33E4DBC327ECF9CD00D9449B /* Sources */ = {
			isa = PBXSourcesBuildPhase;
			buildActionMask = 2147483647;
			files = (
				33E4DBE527ECF9CD00D9449B /* ContentView.swift in Sources */,
				33E4DBE327ECF9CD00D9449B /* TemperatureConverterApp.swift in Sources */,
			);
			runOnlyForDeploymentPostprocessing = 0;
		};
		33E4DBCA27ECF9CD00D9449B /* Sources */ = {
			isa = PBXSourcesBuildPhase;
			buildActionMask = 2147483647;
			files = (
				33E4DBD527ECF9CD00D9449B /* Tests_iOSLaunchTests.swift in Sources */,
				33E4DBD327ECF9CD00D9449B /* Tests_iOS.swift in Sources */,
			);
			runOnlyForDeploymentPostprocessing = 0;
		};
		33E4DBD627ECF9CD00D9449B /* Sources */ = {
			isa = PBXSourcesBuildPhase;
			buildActionMask = 2147483647;
			files = (
				33E4DBE127ECF9CD00D9449B /* Tests_macOSLaunchTests.swift in Sources */,
				33E4DBDF27ECF9CD00D9449B /* Tests_macOS.swift in Sources */,
			);
			runOnlyForDeploymentPostprocessing = 0;
		};
/* End PBXSourcesBuildPhase section */

/* Begin PBXTargetDependency section */
		33E4DBD027ECF9CD00D9449B /* PBXTargetDependency */ = {
			isa = PBXTargetDependency;
			target = 33E4DBC027ECF9CD00D9449B /* TemperatureConverter (iOS) */;
			targetProxy = 33E4DBCF27ECF9CD00D9449B /* PBXContainerItemProxy */;
		};
		33E4DBDC27ECF9CD00D9449B /* PBXTargetDependency */ = {
			isa = PBXTargetDependency;
			target = 33E4DBC627ECF9CD00D9449B /* TemperatureConverter (macOS) */;
			targetProxy = 33E4DBDB27ECF9CD00D9449B /* PBXContainerItemProxy */;
		};
/* End PBXTargetDependency section */

/* Begin XCBuildConfiguration section */
		33E4DBE827ECF9CD00D9449B /* Debug */ = {
			isa = XCBuildConfiguration;
			buildSettings = {
				ALWAYS_SEARCH_USER_PATHS = NO;
				CLANG_ANALYZER_NONNULL = YES;
				CLANG_ANALYZER_NUMBER_OBJECT_CONVERSION = YES_AGGRESSIVE;
				CLANG_CXX_LANGUAGE_STANDARD = "gnu++17";
				CLANG_ENABLE_MODULES = YES;
				CLANG_ENABLE_OBJC_ARC = YES;
				CLANG_ENABLE_OBJC_WEAK = YES;
				CLANG_WARN_BLOCK_CAPTURE_AUTORELEASING = YES;
				CLANG_WARN_BOOL_CONVERSION = YES;
				CLANG_WARN_COMMA = YES;
				CLANG_WARN_CONSTANT_CONVERSION = YES;
				CLANG_WARN_DEPRECATED_OBJC_IMPLEMENTATIONS = YES;
				CLANG_WARN_DIRECT_OBJC_ISA_USAGE = YES_ERROR;
				CLANG_WARN_DOCUMENTATION_COMMENTS = YES;
				CLANG_WARN_EMPTY_BODY = YES;
				CLANG_WARN_ENUM_CONVERSION = YES;
				CLANG_WARN_INFINITE_RECURSION = YES;
				CLANG_WARN_INT_CONVERSION = YES;
				CLANG_WARN_NON_LITERAL_NULL_CONVERSION = YES;
				CLANG_WARN_OBJC_IMPLICIT_RETAIN_SELF = YES;
				CLANG_WARN_OBJC_LITERAL_CONVERSION = YES;
				CLANG_WARN_OBJC_ROOT_CLASS = YES_ERROR;
				CLANG_WARN_QUOTED_INCLUDE_IN_FRAMEWORK_HEADER = YES;
				CLANG_WARN_RANGE_LOOP_ANALYSIS = YES;
				CLANG_WARN_STRICT_PROTOTYPES = YES;
				CLANG_WARN_SUSPICIOUS_MOVE = YES;
				CLANG_WARN_UNGUARDED_AVAILABILITY = YES_AGGRESSIVE;
				CLANG_WARN_UNREACHABLE_CODE = YES;
				CLANG_WARN__DUPLICATE_METHOD_MATCH = YES;
				COPY_PHASE_STRIP = NO;
				DEBUG_INFORMATION_FORMAT = dwarf;
				ENABLE_STRICT_OBJC_MSGSEND = YES;
				ENABLE_TESTABILITY = YES;
				GCC_C_LANGUAGE_STANDARD = gnu11;
				GCC_DYNAMIC_NO_PIC = NO;
				GCC_NO_COMMON_BLOCKS = YES;
				GCC_OPTIMIZATION_LEVEL = 0;
				GCC_PREPROCESSOR_DEFINITIONS = (
					"DEBUG=1",
					"$(inherited)",
				);
				GCC_WARN_64_TO_32_BIT_CONVERSION = YES;
				GCC_WARN_ABOUT_RETURN_TYPE = YES_ERROR;
				GCC_WARN_UNDECLARED_SELECTOR = YES;
				GCC_WARN_UNINITIALIZED_AUTOS = YES_AGGRESSIVE;
				GCC_WARN_UNUSED_FUNCTION = YES;
				GCC_WARN_UNUSED_VARIABLE = YES;
				MTL_ENABLE_DEBUG_INFO = INCLUDE_SOURCE;
				MTL_FAST_MATH = YES;
				ONLY_ACTIVE_ARCH = YES;
				SWIFT_ACTIVE_COMPILATION_CONDITIONS = DEBUG;
				SWIFT_OPTIMIZATION_LEVEL = "-Onone";
			};
			name = Debug;
		};
		33E4DBE927ECF9CD00D9449B /* Release */ = {
			isa = XCBuildConfiguration;
			buildSettings = {
				ALWAYS_SEARCH_USER_PATHS = NO;
				CLANG_ANALYZER_NONNULL = YES;
				CLANG_ANALYZER_NUMBER_OBJECT_CONVERSION = YES_AGGRESSIVE;
				CLANG_CXX_LANGUAGE_STANDARD = "gnu++17";
				CLANG_ENABLE_MODULES = YES;
				CLANG_ENABLE_OBJC_ARC = YES;
				CLANG_ENABLE_OBJC_WEAK = YES;
				CLANG_WARN_BLOCK_CAPTURE_AUTORELEASING = YES;
				CLANG_WARN_BOOL_CONVERSION = YES;
				CLANG_WARN_COMMA = YES;
				CLANG_WARN_CONSTANT_CONVERSION = YES;
				CLANG_WARN_DEPRECATED_OBJC_IMPLEMENTATIONS = YES;
				CLANG_WARN_DIRECT_OBJC_ISA_USAGE = YES_ERROR;
				CLANG_WARN_DOCUMENTATION_COMMENTS = YES;
				CLANG_WARN_EMPTY_BODY = YES;
				CLANG_WARN_ENUM_CONVERSION = YES;
				CLANG_WARN_INFINITE_RECURSION = YES;
				CLANG_WARN_INT_CONVERSION = YES;
				CLANG_WARN_NON_LITERAL_NULL_CONVERSION = YES;
				CLANG_WARN_OBJC_IMPLICIT_RETAIN_SELF = YES;
				CLANG_WARN_OBJC_LITERAL_CONVERSION = YES;
				CLANG_WARN_OBJC_ROOT_CLASS = YES_ERROR;
				CLANG_WARN_QUOTED_INCLUDE_IN_FRAMEWORK_HEADER = YES;
				CLANG_WARN_RANGE_LOOP_ANALYSIS = YES;
				CLANG_WARN_STRICT_PROTOTYPES = YES;
				CLANG_WARN_SUSPICIOUS_MOVE = YES;
				CLANG_WARN_UNGUARDED_AVAILABILITY = YES_AGGRESSIVE;
				CLANG_WARN_UNREACHABLE_CODE = YES;
				CLANG_WARN__DUPLICATE_METHOD_MATCH = YES;
				COPY_PHASE_STRIP = NO;
				DEBUG_INFORMATION_FORMAT = "dwarf-with-dsym";
				ENABLE_NS_ASSERTIONS = NO;
				ENABLE_STRICT_OBJC_MSGSEND = YES;
				GCC_C_LANGUAGE_STANDARD = gnu11;
				GCC_NO_COMMON_BLOCKS = YES;
				GCC_WARN_64_TO_32_BIT_CONVERSION = YES;
				GCC_WARN_ABOUT_RETURN_TYPE = YES_ERROR;
				GCC_WARN_UNDECLARED_SELECTOR = YES;
				GCC_WARN_UNINITIALIZED_AUTOS = YES_AGGRESSIVE;
				GCC_WARN_UNUSED_FUNCTION = YES;
				GCC_WARN_UNUSED_VARIABLE = YES;
				MTL_ENABLE_DEBUG_INFO = NO;
				MTL_FAST_MATH = YES;
				SWIFT_COMPILATION_MODE = wholemodule;
				SWIFT_OPTIMIZATION_LEVEL = "-O";
			};
			name = Release;
		};
		33E4DBEB27ECF9CD00D9449B /* Debug */ = {
			isa = XCBuildConfiguration;
			buildSettings = {
				ASSETCATALOG_COMPILER_APPICON_NAME = AppIcon;
				ASSETCATALOG_COMPILER_GLOBAL_ACCENT_COLOR_NAME = AccentColor;
				CODE_SIGN_STYLE = Automatic;
				CURRENT_PROJECT_VERSION = 1;
				ENABLE_PREVIEWS = YES;
				GENERATE_INFOPLIST_FILE = YES;
				INFOPLIST_KEY_UIApplicationSceneManifest_Generation = YES;
				INFOPLIST_KEY_UIApplicationSupportsIndirectInputEvents = YES;
				INFOPLIST_KEY_UILaunchScreen_Generation = YES;
				INFOPLIST_KEY_UISupportedInterfaceOrientations_iPad = "UIInterfaceOrientationPortrait UIInterfaceOrientationPortraitUpsideDown UIInterfaceOrientationLandscapeLeft UIInterfaceOrientationLandscapeRight";
				INFOPLIST_KEY_UISupportedInterfaceOrientations_iPhone = "UIInterfaceOrientationPortrait UIInterfaceOrientationLandscapeLeft UIInterfaceOrientationLandscapeRight";
				IPHONEOS_DEPLOYMENT_TARGET = 15.4;
				LD_RUNPATH_SEARCH_PATHS = (
					"$(inherited)",
					"@executable_path/Frameworks",
				);
				MARKETING_VERSION = 1.0;
				PRODUCT_BUNDLE_IDENTIFIER = Dogukan.TemperatureConverter;
				PRODUCT_NAME = TemperatureConverter;
				SDKROOT = iphoneos;
				SWIFT_EMIT_LOC_STRINGS = YES;
				SWIFT_VERSION = 5.0;
				TARGETED_DEVICE_FAMILY = "1,2";
			};
			name = Debug;
		};
		33E4DBEC27ECF9CD00D9449B /* Release */ = {
			isa = XCBuildConfiguration;
			buildSettings = {
				ASSETCATALOG_COMPILER_APPICON_NAME = AppIcon;
				ASSETCATALOG_COMPILER_GLOBAL_ACCENT_COLOR_NAME = AccentColor;
				CODE_SIGN_STYLE = Automatic;
				CURRENT_PROJECT_VERSION = 1;
				ENABLE_PREVIEWS = YES;
				GENERATE_INFOPLIST_FILE = YES;
				INFOPLIST_KEY_UIApplicationSceneManifest_Generation = YES;
				INFOPLIST_KEY_UIApplicationSupportsIndirectInputEvents = YES;
				INFOPLIST_KEY_UILaunchScreen_Generation = YES;
				INFOPLIST_KEY_UISupportedInterfaceOrientations_iPad = "UIInterfaceOrientationPortrait UIInterfaceOrientationPortraitUpsideDown UIInterfaceOrientationLandscapeLeft UIInterfaceOrientationLandscapeRight";
				INFOPLIST_KEY_UISupportedInterfaceOrientations_iPhone = "UIInterfaceOrientationPortrait UIInterfaceOrientationLandscapeLeft UIInterfaceOrientationLandscapeRight";
				IPHONEOS_DEPLOYMENT_TARGET = 15.4;
				LD_RUNPATH_SEARCH_PATHS = (
					"$(inherited)",
					"@executable_path/Frameworks",
				);
				MARKETING_VERSION = 1.0;
				PRODUCT_BUNDLE_IDENTIFIER = Dogukan.TemperatureConverter;
				PRODUCT_NAME = TemperatureConverter;
				SDKROOT = iphoneos;
				SWIFT_EMIT_LOC_STRINGS = YES;
				SWIFT_VERSION = 5.0;
				TARGETED_DEVICE_FAMILY = "1,2";
				VALIDATE_PRODUCT = YES;
			};
			name = Release;
		};
		33E4DBEE27ECF9CD00D9449B /* Debug */ = {
			isa = XCBuildConfiguration;
			buildSettings = {
				ASSETCATALOG_COMPILER_APPICON_NAME = AppIcon;
				ASSETCATALOG_COMPILER_GLOBAL_ACCENT_COLOR_NAME = AccentColor;
				CODE_SIGN_ENTITLEMENTS = macOS/macOS.entitlements;
				CODE_SIGN_STYLE = Automatic;
				COMBINE_HIDPI_IMAGES = YES;
				CURRENT_PROJECT_VERSION = 1;
				ENABLE_PREVIEWS = YES;
				GENERATE_INFOPLIST_FILE = YES;
				INFOPLIST_KEY_NSHumanReadableCopyright = "";
				LD_RUNPATH_SEARCH_PATHS = (
					"$(inherited)",
					"@executable_path/../Frameworks",
				);
				MACOSX_DEPLOYMENT_TARGET = 12.0;
				MARKETING_VERSION = 1.0;
				PRODUCT_BUNDLE_IDENTIFIER = Dogukan.TemperatureConverter;
				PRODUCT_NAME = TemperatureConverter;
				SDKROOT = macosx;
				SWIFT_EMIT_LOC_STRINGS = YES;
				SWIFT_VERSION = 5.0;
			};
			name = Debug;
		};
		33E4DBEF27ECF9CD00D9449B /* Release */ = {
			isa = XCBuildConfiguration;
			buildSettings = {
				ASSETCATALOG_COMPILER_APPICON_NAME = AppIcon;
				ASSETCATALOG_COMPILER_GLOBAL_ACCENT_COLOR_NAME = AccentColor;
				CODE_SIGN_ENTITLEMENTS = macOS/macOS.entitlements;
				CODE_SIGN_STYLE = Automatic;
				COMBINE_HIDPI_IMAGES = YES;
				CURRENT_PROJECT_VERSION = 1;
				ENABLE_PREVIEWS = YES;
				GENERATE_INFOPLIST_FILE = YES;
				INFOPLIST_KEY_NSHumanReadableCopyright = "";
				LD_RUNPATH_SEARCH_PATHS = (
					"$(inherited)",
					"@executable_path/../Frameworks",
				);
				MACOSX_DEPLOYMENT_TARGET = 12.0;
				MARKETING_VERSION = 1.0;
				PRODUCT_BUNDLE_IDENTIFIER = Dogukan.TemperatureConverter;
				PRODUCT_NAME = TemperatureConverter;
				SDKROOT = macosx;
				SWIFT_EMIT_LOC_STRINGS = YES;
				SWIFT_VERSION = 5.0;
			};
			name = Release;
		};
		33E4DBF127ECF9CD00D9449B /* Debug */ = {
			isa = XCBuildConfiguration;
			buildSettings = {
				ALWAYS_EMBED_SWIFT_STANDARD_LIBRARIES = YES;
				CODE_SIGN_STYLE = Automatic;
				CURRENT_PROJECT_VERSION = 1;
				GENERATE_INFOPLIST_FILE = YES;
				IPHONEOS_DEPLOYMENT_TARGET = 15.4;
				MARKETING_VERSION = 1.0;
				PRODUCT_BUNDLE_IDENTIFIER = "Dogukan.Tests-iOS";
				PRODUCT_NAME = "$(TARGET_NAME)";
				SDKROOT = iphoneos;
				SWIFT_EMIT_LOC_STRINGS = NO;
				SWIFT_VERSION = 5.0;
				TARGETED_DEVICE_FAMILY = "1,2";
				TEST_TARGET_NAME = "TemperatureConverter (iOS)";
			};
			name = Debug;
		};
		33E4DBF227ECF9CD00D9449B /* Release */ = {
			isa = XCBuildConfiguration;
			buildSettings = {
				ALWAYS_EMBED_SWIFT_STANDARD_LIBRARIES = YES;
				CODE_SIGN_STYLE = Automatic;
				CURRENT_PROJECT_VERSION = 1;
				GENERATE_INFOPLIST_FILE = YES;
				IPHONEOS_DEPLOYMENT_TARGET = 15.4;
				MARKETING_VERSION = 1.0;
				PRODUCT_BUNDLE_IDENTIFIER = "Dogukan.Tests-iOS";
				PRODUCT_NAME = "$(TARGET_NAME)";
				SDKROOT = iphoneos;
				SWIFT_EMIT_LOC_STRINGS = NO;
				SWIFT_VERSION = 5.0;
				TARGETED_DEVICE_FAMILY = "1,2";
				TEST_TARGET_NAME = "TemperatureConverter (iOS)";
				VALIDATE_PRODUCT = YES;
			};
			name = Release;
		};
		33E4DBF427ECF9CD00D9449B /* Debug */ = {
			isa = XCBuildConfiguration;
			buildSettings = {
				ALWAYS_EMBED_SWIFT_STANDARD_LIBRARIES = YES;
				CODE_SIGN_STYLE = Automatic;
				CURRENT_PROJECT_VERSION = 1;
				GENERATE_INFOPLIST_FILE = YES;
				MACOSX_DEPLOYMENT_TARGET = 12.0;
				MARKETING_VERSION = 1.0;
				PRODUCT_BUNDLE_IDENTIFIER = "Dogukan.Tests-macOS";
				PRODUCT_NAME = "$(TARGET_NAME)";
				SDKROOT = macosx;
				SWIFT_EMIT_LOC_STRINGS = NO;
				SWIFT_VERSION = 5.0;
				TEST_TARGET_NAME = "TemperatureConverter (macOS)";
			};
			name = Debug;
		};
		33E4DBF527ECF9CD00D9449B /* Release */ = {
			isa = XCBuildConfiguration;
			buildSettings = {
				ALWAYS_EMBED_SWIFT_STANDARD_LIBRARIES = YES;
				CODE_SIGN_STYLE = Automatic;
				CURRENT_PROJECT_VERSION = 1;
				GENERATE_INFOPLIST_FILE = YES;
				MACOSX_DEPLOYMENT_TARGET = 12.0;
				MARKETING_VERSION = 1.0;
				PRODUCT_BUNDLE_IDENTIFIER = "Dogukan.Tests-macOS";
				PRODUCT_NAME = "$(TARGET_NAME)";
				SDKROOT = macosx;
				SWIFT_EMIT_LOC_STRINGS = NO;
				SWIFT_VERSION = 5.0;
				TEST_TARGET_NAME = "TemperatureConverter (macOS)";
			};
			name = Release;
		};
/* End XCBuildConfiguration section */

/* Begin XCConfigurationList section */
		33E4DBB827ECF9CC00D9449B /* Build configuration list for PBXProject "TemperatureConverter" */ = {
			isa = XCConfigurationList;
			buildConfigurations = (
				33E4DBE827ECF9CD00D9449B /* Debug */,
				33E4DBE927ECF9CD00D9449B /* Release */,
			);
			defaultConfigurationIsVisible = 0;
			defaultConfigurationName = Release;
		};
		33E4DBEA27ECF9CD00D9449B /* Build configuration list for PBXNativeTarget "TemperatureConverter (iOS)" */ = {
			isa = XCConfigurationList;
			buildConfigurations = (
				33E4DBEB27ECF9CD00D9449B /* Debug */,
				33E4DBEC27ECF9CD00D9449B /* Release */,
			);
			defaultConfigurationIsVisible = 0;
			defaultConfigurationName = Release;
		};
		33E4DBED27ECF9CD00D9449B /* Build configuration list for PBXNativeTarget "TemperatureConverter (macOS)" */ = {
			isa = XCConfigurationList;
			buildConfigurations = (
				33E4DBEE27ECF9CD00D9449B /* Debug */,
				33E4DBEF27ECF9CD00D9449B /* Release */,
			);
			defaultConfigurationIsVisible = 0;
			defaultConfigurationName = Release;
		};
		33E4DBF027ECF9CD00D9449B /* Build configuration list for PBXNativeTarget "Tests iOS" */ = {
			isa = XCConfigurationList;
			buildConfigurations = (
				33E4DBF127ECF9CD00D9449B /* Debug */,
				33E4DBF227ECF9CD00D9449B /* Release */,
			);
			defaultConfigurationIsVisible = 0;
			defaultConfigurationName = Release;
		};
		33E4DBF327ECF9CD00D9449B /* Build configuration list for PBXNativeTarget "Tests macOS" */ = {
			isa = XCConfigurationList;
			buildConfigurations = (
				33E4DBF427ECF9CD00D9449B /* Debug */,
				33E4DBF527ECF9CD00D9449B /* Release */,
			);
			defaultConfigurationIsVisible = 0;
			defaultConfigurationName = Release;
		};
/* End XCConfigurationList section */
	};
	rootObject = 33E4DBB527ECF9CC00D9449B /* Project object */;
}
